{
  "name": "ajs_task-3_platforms_node",
  "version": "1.0.0",
  "lockfileVersion": 3,
  "requires": true,
  "packages": {
    "": {
      "name": "ajs_task-3_platforms_node",
      "version": "1.0.0",
      "license": "ISC",
      "dependencies": {
        "@sergio210-05/ajs_task-3_platforms": "^1.0.0"
      }
    },
    "node_modules/@sergio210-05/ajs_task-3_platforms": {
      "version": "1.0.0",
      "resolved": "https://npm.pkg.github.com/download/@sergio210-05/ajs_task-3_platforms/1.0.0/cefdc74e000a897c01de22eda8e54de2ca493437",
      "integrity": "sha512-YN99xuufO1rUDPqEIlgBxSRptye0CwJ83jtjBlzPmgYTXxi7HJFJrwvJQHLHVOPZrUHZHPMejTQMzLZolg8bfw==",
      "license": "ISC"
    }
  }
}
